
Microsoft Visual Studio Solution File, Format Version 12.00
# Visual Studio 2013
VisualStudioVersion = 12.0.30723.0
MinimumVisualStudioVersion = 10.0.40219.1
Project("{FAE04EC0-301F-11D3-BF4B-00C04F79EFBC}") = "Tests", "Tests\Tests.csproj", "{91D55F32-F6E5-489A-B028-FDD55DA2B8BA}"
EndProject
Project("{FAE04EC0-301F-11D3-BF4B-00C04F79EFBC}") = "Library", "TestNamespaces\Library.csproj", "{6287AB6E-4EA3-42A7-AE46-51F493619966}"
EndProject
Project("{FAE04EC0-301F-11D3-BF4B-00C04F79EFBC}") = "Lambda", "Lambda\Lambda.csproj", "{55DD4DC2-EF1F-4216-8DA1-0B4B7871F57D}"
EndProject
Global
	GlobalSection(SolutionConfigurationPlatforms) = preSolution
		Debug|Any CPU = Debug|Any CPU
		Release|Any CPU = Release|Any CPU
	EndGlobalSection
	GlobalSection(ProjectConfigurationPlatforms) = postSolution
		{91D55F32-F6E5-489A-B028-FDD55DA2B8BA}.Debug|Any CPU.ActiveCfg = Debug|Any CPU
		{91D55F32-F6E5-489A-B028-FDD55DA2B8BA}.Debug|Any CPU.Build.0 = Debug|Any CPU
		{91D55F32-F6E5-489A-B028-FDD55DA2B8BA}.Release|Any CPU.ActiveCfg = Release|Any CPU
		{91D55F32-F6E5-489A-B028-FDD55DA2B8BA}.Release|Any CPU.Build.0 = Release|Any CPU
		{6287AB6E-4EA3-42A7-AE46-51F493619966}.Debug|Any CPU.ActiveCfg = Debug|Any CPU
		{6287AB6E-4EA3-42A7-AE46-51F493619966}.Debug|Any CPU.Build.0 = Debug|Any CPU
		{6287AB6E-4EA3-42A7-AE46-51F493619966}.Release|Any CPU.ActiveCfg = Release|Any CPU
		{6287AB6E-4EA3-42A7-AE46-51F493619966}.Release|Any CPU.Build.0 = Release|Any CPU
		{55DD4DC2-EF1F-4216-8DA1-0B4B7871F57D}.Debug|Any CPU.ActiveCfg = Debug|Any CPU
		{55DD4DC2-EF1F-4216-8DA1-0B4B7871F57D}.Debug|Any CPU.Build.0 = Debug|Any CPU
		{55DD4DC2-EF1F-4216-8DA1-0B4B7871F57D}.Release|Any CPU.ActiveCfg = Release|Any CPU
		{55DD4DC2-EF1F-4216-8DA1-0B4B7871F57D}.Release|Any CPU.Build.0 = Release|Any CPU
	EndGlobalSection
	GlobalSection(SolutionProperties) = preSolution
		HideSolutionNode = FALSE
	EndGlobalSection
EndGlobal
